
Microsoft Visual Studio Solution File, Format Version 12.00
# Visual Studio Version 17
VisualStudioVersion = 17.0.31903.59
MinimumVisualStudioVersion = 10.0.40219.1
Project("{FAE04EC0-301F-11D3-BF4B-00C04F79EFBC}") = "Onur", "Onur\Onur.csproj", "{93655B72-D54D-4781-A578-219C08C675DA}"
EndProject
Project("{FAE04EC0-301F-11D3-BF4B-00C04F79EFBC}") = "Onur.Tests", "Onur.Tests\Onur.Tests.csproj", "{A26C27E4-14D3-4569-B8BC-8508133B52ED}"
EndProject
Global
	GlobalSection(SolutionConfigurationPlatforms) = preSolution
		Debug|Any CPU = Debug|Any CPU
		Release|Any CPU = Release|Any CPU
	EndGlobalSection
	GlobalSection(SolutionProperties) = preSolution
		HideSolutionNode = FALSE
	EndGlobalSection
	GlobalSection(ProjectConfigurationPlatforms) = postSolution
		{93655B72-D54D-4781-A578-219C08C675DA}.Debug|Any CPU.ActiveCfg = Debug|Any CPU
		{93655B72-D54D-4781-A578-219C08C675DA}.Debug|Any CPU.Build.0 = Debug|Any CPU
		{93655B72-D54D-4781-A578-219C08C675DA}.Release|Any CPU.ActiveCfg = Release|Any CPU
		{93655B72-D54D-4781-A578-219C08C675DA}.Release|Any CPU.Build.0 = Release|Any CPU
		{A26C27E4-14D3-4569-B8BC-8508133B52ED}.Debug|Any CPU.ActiveCfg = Debug|Any CPU
		{A26C27E4-14D3-4569-B8BC-8508133B52ED}.Debug|Any CPU.Build.0 = Debug|Any CPU
		{A26C27E4-14D3-4569-B8BC-8508133B52ED}.Release|Any CPU.ActiveCfg = Release|Any CPU
		{A26C27E4-14D3-4569-B8BC-8508133B52ED}.Release|Any CPU.Build.0 = Release|Any CPU
	EndGlobalSection
EndGlobal
